
Microsoft Visual Studio Solution File, Format Version 12.00
# Visual Studio 2012
Project("{FAE04EC0-301F-11D3-BF4B-00C04F79EFBC}") = "GameStuff", "GameStuff\GameStuff.csproj", "{B766B3D0-8AE7-49E8-91F1-6E6624AAD1D4}"
EndProject
Project("{FAE04EC0-301F-11D3-BF4B-00C04F79EFBC}") = "WindowsFormsApplication1", "WindowsFormsApplication1\WindowsFormsApplication1.csproj", "{F6FE9151-230E-4B6A-B786-6C3401590232}"
EndProject
Global
	GlobalSection(SolutionConfigurationPlatforms) = preSolution
		Debug|Any CPU = Debug|Any CPU
		Release|Any CPU = Release|Any CPU
	EndGlobalSection
	GlobalSection(ProjectConfigurationPlatforms) = postSolution
		{B766B3D0-8AE7-49E8-91F1-6E6624AAD1D4}.Debug|Any CPU.ActiveCfg = Debug|Any CPU
		{B766B3D0-8AE7-49E8-91F1-6E6624AAD1D4}.Debug|Any CPU.Build.0 = Debug|Any CPU
		{B766B3D0-8AE7-49E8-91F1-6E6624AAD1D4}.Release|Any CPU.ActiveCfg = Release|Any CPU
		{B766B3D0-8AE7-49E8-91F1-6E6624AAD1D4}.Release|Any CPU.Build.0 = Release|Any CPU
		{F6FE9151-230E-4B6A-B786-6C3401590232}.Debug|Any CPU.ActiveCfg = Debug|Any CPU
		{F6FE9151-230E-4B6A-B786-6C3401590232}.Debug|Any CPU.Build.0 = Debug|Any CPU
		{F6FE9151-230E-4B6A-B786-6C3401590232}.Release|Any CPU.ActiveCfg = Release|Any CPU
		{F6FE9151-230E-4B6A-B786-6C3401590232}.Release|Any CPU.Build.0 = Release|Any CPU
	EndGlobalSection
	GlobalSection(SolutionProperties) = preSolution
		HideSolutionNode = FALSE
	EndGlobalSection
EndGlobal
